// !$*UTF8*$!
{
	archiveVersion = 1;
	classes = {
	};
	objectVersion = 50;
	objects = {

/* Begin PBXBuildFile section */
		7E692CF8221684D100EE303F /* resumeLast.swift in Sources */ = {isa = PBXBuildFile; fileRef = 7E692CF7221684D100EE303F /* resumeLast.swift */; };
		7E709B82220DEC9F008815F3 /* AppDelegate.swift in Sources */ = {isa = PBXBuildFile; fileRef = 7E709B81220DEC9F008815F3 /* AppDelegate.swift */; };
		7E709B84220DEC9F008815F3 /* chooseCategory.swift in Sources */ = {isa = PBXBuildFile; fileRef = 7E709B83220DEC9F008815F3 /* chooseCategory.swift */; };
		7E709B87220DEC9F008815F3 /* Main.storyboard in Resources */ = {isa = PBXBuildFile; fileRef = 7E709B85220DEC9F008815F3 /* Main.storyboard */; };
		7E709B8A220DEC9F008815F3 /* S_music_player.xcdatamodeld in Sources */ = {isa = PBXBuildFile; fileRef = 7E709B88220DEC9F008815F3 /* S_music_player.xcdatamodeld */; };
		7E709B8C220DECA1008815F3 /* Assets.xcassets in Resources */ = {isa = PBXBuildFile; fileRef = 7E709B8B220DECA1008815F3 /* Assets.xcassets */; };
		7E709B8F220DECA1008815F3 /* LaunchScreen.storyboard in Resources */ = {isa = PBXBuildFile; fileRef = 7E709B8D220DECA1008815F3 /* LaunchScreen.storyboard */; };
		7E709B97220E9C57008815F3 /* chooseList.swift in Sources */ = {isa = PBXBuildFile; fileRef = 7E709B96220E9C57008815F3 /* chooseList.swift */; };
		7EA4A00B220FB7CD00EE4683 /* chooseSong.swift in Sources */ = {isa = PBXBuildFile; fileRef = 7EA4A00A220FB7CD00EE4683 /* chooseSong.swift */; };
		7EA4A00D220FD84800EE4683 /* nowPlaying.swift in Sources */ = {isa = PBXBuildFile; fileRef = 7EA4A00C220FD84800EE4683 /* nowPlaying.swift */; };
		7EA4A00F2210FDC400EE4683 /* sMusicPlayer.swift in Sources */ = {isa = PBXBuildFile; fileRef = 7EA4A00E2210FDC400EE4683 /* sMusicPlayer.swift */; };
		7EA8ABDA222345CF00B01825 /* viewEditHistory.swift in Sources */ = {isa = PBXBuildFile; fileRef = 7EA8ABD9222345CF00B01825 /* viewEditHistory.swift */; };
/* End PBXBuildFile section */

/* Begin PBXFileReference section */
		7E692CF7221684D100EE303F /* resumeLast.swift */ = {isa = PBXFileReference; lastKnownFileType = sourcecode.swift; path = resumeLast.swift; sourceTree = "<group>"; };
		7E709B7E220DEC9F008815F3 /* S music player.app */ = {isa = PBXFileReference; explicitFileType = wrapper.application; includeInIndex = 0; path = "S music player.app"; sourceTree = BUILT_PRODUCTS_DIR; };
		7E709B81220DEC9F008815F3 /* AppDelegate.swift */ = {isa = PBXFileReference; lastKnownFileType = sourcecode.swift; path = AppDelegate.swift; sourceTree = "<group>"; };
		7E709B83220DEC9F008815F3 /* chooseCategory.swift */ = {isa = PBXFileReference; lastKnownFileType = sourcecode.swift; path = chooseCategory.swift; sourceTree = "<group>"; };
		7E709B86220DEC9F008815F3 /* Base */ = {isa = PBXFileReference; lastKnownFileType = file.storyboard; name = Base; path = Base.lproj/Main.storyboard; sourceTree = "<group>"; };
		7E709B89220DEC9F008815F3 /* S_music_player.xcdatamodel */ = {isa = PBXFileReference; lastKnownFileType = wrapper.xcdatamodel; path = S_music_player.xcdatamodel; sourceTree = "<group>"; };
		7E709B8B220DECA1008815F3 /* Assets.xcassets */ = {isa = PBXFileReference; lastKnownFileType = folder.assetcatalog; path = Assets.xcassets; sourceTree = "<group>"; };
		7E709B8E220DECA1008815F3 /* Base */ = {isa = PBXFileReference; lastKnownFileType = file.storyboard; name = Base; path = Base.lproj/LaunchScreen.storyboard; sourceTree = "<group>"; };
		7E709B90220DECA1008815F3 /* Info.plist */ = {isa = PBXFileReference; lastKnownFileType = text.plist.xml; path = Info.plist; sourceTree = "<group>"; };
		7E709B96220E9C57008815F3 /* chooseList.swift */ = {isa = PBXFileReference; lastKnownFileType = sourcecode.swift; path = chooseList.swift; sourceTree = "<group>"; };
		7EA4A00A220FB7CD00EE4683 /* chooseSong.swift */ = {isa = PBXFileReference; lastKnownFileType = sourcecode.swift; path = chooseSong.swift; sourceTree = "<group>"; };
		7EA4A00C220FD84800EE4683 /* nowPlaying.swift */ = {isa = PBXFileReference; lastKnownFileType = sourcecode.swift; path = nowPlaying.swift; sourceTree = "<group>"; };
		7EA4A00E2210FDC400EE4683 /* sMusicPlayer.swift */ = {isa = PBXFileReference; lastKnownFileType = sourcecode.swift; path = sMusicPlayer.swift; sourceTree = "<group>"; };
		7EA8ABD9222345CF00B01825 /* viewEditHistory.swift */ = {isa = PBXFileReference; lastKnownFileType = sourcecode.swift; path = viewEditHistory.swift; sourceTree = "<group>"; };
/* End PBXFileReference section */

/* Begin PBXFrameworksBuildPhase section */
		7E709B7B220DEC9F008815F3 /* Frameworks */ = {
			isa = PBXFrameworksBuildPhase;
			buildActionMask = 2147483647;
			files = (
			);
			runOnlyForDeploymentPostprocessing = 0;
		};
/* End PBXFrameworksBuildPhase section */

/* Begin PBXGroup section */
		7E709B75220DEC9F008815F3 = {
			isa = PBXGroup;
			children = (
				7E709B80220DEC9F008815F3 /* S music player */,
				7E709B7F220DEC9F008815F3 /* Products */,
			);
			sourceTree = "<group>";
		};
		7E709B7F220DEC9F008815F3 /* Products */ = {
			isa = PBXGroup;
			children = (
				7E709B7E220DEC9F008815F3 /* S music player.app */,
			);
			name = Products;
			sourceTree = "<group>";
		};
		7E709B80220DEC9F008815F3 /* S music player */ = {
			isa = PBXGroup;
			children = (
				7E709B81220DEC9F008815F3 /* AppDelegate.swift */,
				7E709B85220DEC9F008815F3 /* Main.storyboard */,
				7E709B8B220DECA1008815F3 /* Assets.xcassets */,
				7E709B8D220DECA1008815F3 /* LaunchScreen.storyboard */,
				7E709B90220DECA1008815F3 /* Info.plist */,
				7E709B88220DEC9F008815F3 /* S_music_player.xcdatamodeld */,
				7E709B83220DEC9F008815F3 /* chooseCategory.swift */,
				7E709B96220E9C57008815F3 /* chooseList.swift */,
				7EA4A00A220FB7CD00EE4683 /* chooseSong.swift */,
				7EA4A00C220FD84800EE4683 /* nowPlaying.swift */,
				7EA4A00E2210FDC400EE4683 /* sMusicPlayer.swift */,
				7E692CF7221684D100EE303F /* resumeLast.swift */,
				7EA8ABD9222345CF00B01825 /* viewEditHistory.swift */,
			);
			path = "S music player";
			sourceTree = "<group>";
		};
/* End PBXGroup section */

/* Begin PBXNativeTarget section */
		7E709B7D220DEC9F008815F3 /* S music player */ = {
			isa = PBXNativeTarget;
			buildConfigurationList = 7E709B93220DECA1008815F3 /* Build configuration list for PBXNativeTarget "S music player" */;
			buildPhases = (
				7E709B7A220DEC9F008815F3 /* Sources */,
				7E709B7B220DEC9F008815F3 /* Frameworks */,
				7E709B7C220DEC9F008815F3 /* Resources */,
			);
			buildRules = (
			);
			dependencies = (
			);
			name = "S music player";
			productName = "S music player";
			productReference = 7E709B7E220DEC9F008815F3 /* S music player.app */;
			productType = "com.apple.product-type.application";
		};
/* End PBXNativeTarget section */

/* Begin PBXProject section */
		7E709B76220DEC9F008815F3 /* Project object */ = {
			isa = PBXProject;
			attributes = {
				LastSwiftUpdateCheck = 1010;
				LastUpgradeCheck = 1010;
				ORGANIZATIONNAME = "Shajeeb T Muhammad";
				TargetAttributes = {
					7E709B7D220DEC9F008815F3 = {
						CreatedOnToolsVersion = 10.1;
					};
				};
			};
			buildConfigurationList = 7E709B79220DEC9F008815F3 /* Build configuration list for PBXProject "S music player" */;
			compatibilityVersion = "Xcode 9.3";
			developmentRegion = en;
			hasScannedForEncodings = 0;
			knownRegions = (
				en,
				Base,
			);
			mainGroup = 7E709B75220DEC9F008815F3;
			productRefGroup = 7E709B7F220DEC9F008815F3 /* Products */;
			projectDirPath = "";
			projectRoot = "";
			targets = (
				7E709B7D220DEC9F008815F3 /* S music player */,
			);
		};
/* End PBXProject section */

/* Begin PBXResourcesBuildPhase section */
		7E709B7C220DEC9F008815F3 /* Resources */ = {
			isa = PBXResourcesBuildPhase;
			buildActionMask = 2147483647;
			files = (
				7E709B8F220DECA1008815F3 /* LaunchScreen.storyboard in Resources */,
				7E709B8C220DECA1008815F3 /* Assets.xcassets in Resources */,
				7E709B87220DEC9F008815F3 /* Main.storyboard in Resources */,
			);
			runOnlyForDeploymentPostprocessing = 0;
		};
/* End PBXResourcesBuildPhase section */

/* Begin PBXSourcesBuildPhase section */
		7E709B7A220DEC9F008815F3 /* Sources */ = {
			isa = PBXSourcesBuildPhase;
			buildActionMask = 2147483647;
			files = (
				7E692CF8221684D100EE303F /* resumeLast.swift in Sources */,
				7EA8ABDA222345CF00B01825 /* viewEditHistory.swift in Sources */,
				7E709B97220E9C57008815F3 /* chooseList.swift in Sources */,
				7EA4A00F2210FDC400EE4683 /* sMusicPlayer.swift in Sources */,
				7EA4A00B220FB7CD00EE4683 /* chooseSong.swift in Sources */,
				7E709B84220DEC9F008815F3 /* chooseCategory.swift in Sources */,
				7EA4A00D220FD84800EE4683 /* nowPlaying.swift in Sources */,
				7E709B82220DEC9F008815F3 /* AppDelegate.swift in Sources */,
				7E709B8A220DEC9F008815F3 /* S_music_player.xcdatamodeld in Sources */,
			);
			runOnlyForDeploymentPostprocessing = 0;
		};
/* End PBXSourcesBuildPhase section */

/* Begin PBXVariantGroup section */
		7E709B85220DEC9F008815F3 /* Main.storyboard */ = {
			isa = PBXVariantGroup;
			children = (
				7E709B86220DEC9F008815F3 /* Base */,
			);
			name = Main.storyboard;
			sourceTree = "<group>";
		};
		7E709B8D220DECA1008815F3 /* LaunchScreen.storyboard */ = {
			isa = PBXVariantGroup;
			children = (
				7E709B8E220DECA1008815F3 /* Base */,
			);
			name = LaunchScreen.storyboard;
			sourceTree = "<group>";
		};
/* End PBXVariantGroup section */

/* Begin XCBuildConfiguration section */
		7E709B91220DECA1008815F3 /* Debug */ = {
			isa = XCBuildConfiguration;
			buildSettings = {
				ALWAYS_SEARCH_USER_PATHS = NO;
				CLANG_ANALYZER_NONNULL = YES;
				CLANG_ANALYZER_NUMBER_OBJECT_CONVERSION = YES_AGGRESSIVE;
				CLANG_CXX_LANGUAGE_STANDARD = "gnu++14";
				CLANG_CXX_LIBRARY = "libc++";
				CLANG_ENABLE_MODULES = YES;
				CLANG_ENABLE_OBJC_ARC = YES;
				CLANG_ENABLE_OBJC_WEAK = YES;
				CLANG_WARN_BLOCK_CAPTURE_AUTORELEASING = YES;
				CLANG_WARN_BOOL_CONVERSION = YES;
				CLANG_WARN_COMMA = YES;
				CLANG_WARN_CONSTANT_CONVERSION = YES;
				CLANG_WARN_DEPRECATED_OBJC_IMPLEMENTATIONS = YES;
				CLANG_WARN_DIRECT_OBJC_ISA_USAGE = YES_ERROR;
				CLANG_WARN_DOCUMENTATION_COMMENTS = YES;
				CLANG_WARN_EMPTY_BODY = YES;
				CLANG_WARN_ENUM_CONVERSION = YES;
				CLANG_WARN_INFINITE_RECURSION = YES;
				CLANG_WARN_INT_CONVERSION = YES;
				CLANG_WARN_NON_LITERAL_NULL_CONVERSION = YES;
				CLANG_WARN_OBJC_IMPLICIT_RETAIN_SELF = YES;
				CLANG_WARN_OBJC_LITERAL_CONVERSION = YES;
				CLANG_WARN_OBJC_ROOT_CLASS = YES_ERROR;
				CLANG_WARN_RANGE_LOOP_ANALYSIS = YES;
				CLANG_WARN_STRICT_PROTOTYPES = YES;
				CLANG_WARN_SUSPICIOUS_MOVE = YES;
				CLANG_WARN_UNGUARDED_AVAILABILITY = YES_AGGRESSIVE;
				CLANG_WARN_UNREACHABLE_CODE = YES;
				CLANG_WARN__DUPLICATE_METHOD_MATCH = YES;
				CODE_SIGN_IDENTITY = "iPhone Developer";
				COPY_PHASE_STRIP = NO;
				DEBUG_INFORMATION_FORMAT = dwarf;
				ENABLE_STRICT_OBJC_MSGSEND = YES;
				ENABLE_TESTABILITY = YES;
				GCC_C_LANGUAGE_STANDARD = gnu11;
				GCC_DYNAMIC_NO_PIC = NO;
				GCC_NO_COMMON_BLOCKS = YES;
				GCC_OPTIMIZATION_LEVEL = 0;
				GCC_PREPROCESSOR_DEFINITIONS = (
					"DEBUG=1",
					"$(inherited)",
				);
				GCC_WARN_64_TO_32_BIT_CONVERSION = YES;
				GCC_WARN_ABOUT_RETURN_TYPE = YES_ERROR;
				GCC_WARN_UNDECLARED_SELECTOR = YES;
				GCC_WARN_UNINITIALIZED_AUTOS = YES_AGGRESSIVE;
				GCC_WARN_UNUSED_FUNCTION = YES;
				GCC_WARN_UNUSED_VARIABLE = YES;
				IPHONEOS_DEPLOYMENT_TARGET = 12.1;
				MTL_ENABLE_DEBUG_INFO = INCLUDE_SOURCE;
				MTL_FAST_MATH = YES;
				ONLY_ACTIVE_ARCH = YES;
				SDKROOT = iphoneos;
				SWIFT_ACTIVE_COMPILATION_CONDITIONS = DEBUG;
				SWIFT_OPTIMIZATION_LEVEL = "-Onone";
			};
			name = Debug;
		};
		7E709B92220DECA1008815F3 /* Release */ = {
			isa = XCBuildConfiguration;
			buildSettings = {
				ALWAYS_SEARCH_USER_PATHS = NO;
				CLANG_ANALYZER_NONNULL = YES;
				CLANG_ANALYZER_NUMBER_OBJECT_CONVERSION = YES_AGGRESSIVE;
				CLANG_CXX_LANGUAGE_STANDARD = "gnu++14";
				CLANG_CXX_LIBRARY = "libc++";
				CLANG_ENABLE_MODULES = YES;
				CLANG_ENABLE_OBJC_ARC = YES;
				CLANG_ENABLE_OBJC_WEAK = YES;
				CLANG_WARN_BLOCK_CAPTURE_AUTORELEASING = YES;
				CLANG_WARN_BOOL_CONVERSION = YES;
				CLANG_WARN_COMMA = YES;
				CLANG_WARN_CONSTANT_CONVERSION = YES;
				CLANG_WARN_DEPRECATED_OBJC_IMPLEMENTATIONS = YES;
				CLANG_WARN_DIRECT_OBJC_ISA_USAGE = YES_ERROR;
				CLANG_WARN_DOCUMENTATION_COMMENTS = YES;
				CLANG_WARN_EMPTY_BODY = YES;
				CLANG_WARN_ENUM_CONVERSION = YES;
				CLANG_WARN_INFINITE_RECURSION = YES;
				CLANG_WARN_INT_CONVERSION = YES;
				CLANG_WARN_NON_LITERAL_NULL_CONVERSION = YES;
				CLANG_WARN_OBJC_IMPLICIT_RETAIN_SELF = YES;
				CLANG_WARN_OBJC_LITERAL_CONVERSION = YES;
				CLANG_WARN_OBJC_ROOT_CLASS = YES_ERROR;
				CLANG_WARN_RANGE_LOOP_ANALYSIS = YES;
				CLANG_WARN_STRICT_PROTOTYPES = YES;
				CLANG_WARN_SUSPICIOUS_MOVE = YES;
				CLANG_WARN_UNGUARDED_AVAILABILITY = YES_AGGRESSIVE;
				CLANG_WARN_UNREACHABLE_CODE = YES;
				CLANG_WARN__DUPLICATE_METHOD_MATCH = YES;
				CODE_SIGN_IDENTITY = "iPhone Developer";
				COPY_PHASE_STRIP = NO;
				DEBUG_INFORMATION_FORMAT = "dwarf-with-dsym";
				ENABLE_NS_ASSERTIONS = NO;
				ENABLE_STRICT_OBJC_MSGSEND = YES;
				GCC_C_LANGUAGE_STANDARD = gnu11;
				GCC_NO_COMMON_BLOCKS = YES;
				GCC_WARN_64_TO_32_BIT_CONVERSION = YES;
				GCC_WARN_ABOUT_RETURN_TYPE = YES_ERROR;
				GCC_WARN_UNDECLARED_SELECTOR = YES;
				GCC_WARN_UNINITIALIZED_AUTOS = YES_AGGRESSIVE;
				GCC_WARN_UNUSED_FUNCTION = YES;
				GCC_WARN_UNUSED_VARIABLE = YES;
				IPHONEOS_DEPLOYMENT_TARGET = 12.1;
				MTL_ENABLE_DEBUG_INFO = NO;
				MTL_FAST_MATH = YES;
				SDKROOT = iphoneos;
				SWIFT_COMPILATION_MODE = wholemodule;
				SWIFT_OPTIMIZATION_LEVEL = "-O";
				VALIDATE_PRODUCT = YES;
			};
			name = Release;
		};
		7E709B94220DECA1008815F3 /* Debug */ = {
			isa = XCBuildConfiguration;
			buildSettings = {
				ASSETCATALOG_COMPILER_APPICON_NAME = AppIcon;
				CODE_SIGN_IDENTITY = "iPhone Developer";
				CODE_SIGN_STYLE = Automatic;
				DEVELOPMENT_TEAM = SM7KMWV8VU;
				INFOPLIST_FILE = "S music player/Info.plist";
				LD_RUNPATH_SEARCH_PATHS = (
					"$(inherited)",
					"@executable_path/Frameworks",
				);
				PRODUCT_BUNDLE_IDENTIFIER = "shajeebtm.S-music-player";
				PRODUCT_NAME = "$(TARGET_NAME)";
				PROVISIONING_PROFILE_SPECIFIER = "";
				SWIFT_VERSION = 4.2;
				TARGETED_DEVICE_FAMILY = 1;
			};
			name = Debug;
		};
		7E709B95220DECA1008815F3 /* Release */ = {
			isa = XCBuildConfiguration;
			buildSettings = {
				ASSETCATALOG_COMPILER_APPICON_NAME = AppIcon;
				CODE_SIGN_IDENTITY = "iPhone Developer";
				CODE_SIGN_STYLE = Automatic;
				DEVELOPMENT_TEAM = SM7KMWV8VU;
				INFOPLIST_FILE = "S music player/Info.plist";
				LD_RUNPATH_SEARCH_PATHS = (
					"$(inherited)",
					"@executable_path/Frameworks",
				);
				PRODUCT_BUNDLE_IDENTIFIER = "shajeebtm.S-music-player";
				PRODUCT_NAME = "$(TARGET_NAME)";
				PROVISIONING_PROFILE_SPECIFIER = "";
				SWIFT_VERSION = 4.2;
				TARGETED_DEVICE_FAMILY = 1;
			};
			name = Release;
		};
/* End XCBuildConfiguration section */

/* Begin XCConfigurationList section */
		7E709B79220DEC9F008815F3 /* Build configuration list for PBXProject "S music player" */ = {
			isa = XCConfigurationList;
			buildConfigurations = (
				7E709B91220DECA1008815F3 /* Debug */,
				7E709B92220DECA1008815F3 /* Release */,
			);
			defaultConfigurationIsVisible = 0;
			defaultConfigurationName = Release;
		};
		7E709B93220DECA1008815F3 /* Build configuration list for PBXNativeTarget "S music player" */ = {
			isa = XCConfigurationList;
			buildConfigurations = (
				7E709B94220DECA1008815F3 /* Debug */,
				7E709B95220DECA1008815F3 /* Release */,
			);
			defaultConfigurationIsVisible = 0;
			defaultConfigurationName = Release;
		};
/* End XCConfigurationList section */

/* Begin XCVersionGroup section */
		7E709B88220DEC9F008815F3 /* S_music_player.xcdatamodeld */ = {
			isa = XCVersionGroup;
			children = (
				7E709B89220DEC9F008815F3 /* S_music_player.xcdatamodel */,
			);
			currentVersion = 7E709B89220DEC9F008815F3 /* S_music_player.xcdatamodel */;
			path = S_music_player.xcdatamodeld;
			sourceTree = "<group>";
			versionGroupType = wrapper.xcdatamodel;
		};
/* End XCVersionGroup section */
	};
	rootObject = 7E709B76220DEC9F008815F3 /* Project object */;
}
